// !$*UTF8*$!
{
	archiveVersion = 1;
	classes = {
	};
	objectVersion = 46;
	objects = {

/* Begin PBXBuildFile section */
		EA96DB951666FD7000BC97D7 /* main.cpp in Sources */ = {isa = PBXBuildFile; fileRef = EA96DB941666FD7000BC97D7 /* main.cpp */; };
		EAA0A43B172DDD7200C60DF3 /* main.cpp in Sources */ = {isa = PBXBuildFile; fileRef = EAA0A43A172DDD7200C60DF3 /* main.cpp */; };
		EAAD45F6166B248C005EAC00 /* bitmapReader.cpp in Sources */ = {isa = PBXBuildFile; fileRef = EAAD45F5166B248C005EAC00 /* bitmapReader.cpp */; };
		EAAD4604166C8562005EAC00 /* main.cpp in Sources */ = {isa = PBXBuildFile; fileRef = EAAD4603166C8562005EAC00 /* main.cpp */; };
/* End PBXBuildFile section */

/* Begin PBXCopyFilesBuildPhase section */
		EA96DB8E1666FD7000BC97D7 /* CopyFiles */ = {
			isa = PBXCopyFilesBuildPhase;
			buildActionMask = 2147483647;
			dstPath = /usr/share/man/man1/;
			dstSubfolderSpec = 0;
			files = (
			);
			runOnlyForDeploymentPostprocessing = 1;
		};
		EAA0A436172DDD7200C60DF3 /* CopyFiles */ = {
			isa = PBXCopyFilesBuildPhase;
			buildActionMask = 2147483647;
			dstPath = /usr/share/man/man1/;
			dstSubfolderSpec = 0;
			files = (
			);
			runOnlyForDeploymentPostprocessing = 1;
		};
		EAAD45FE166C8562005EAC00 /* CopyFiles */ = {
			isa = PBXCopyFilesBuildPhase;
			buildActionMask = 2147483647;
			dstPath = /usr/share/man/man1/;
			dstSubfolderSpec = 0;
			files = (
			);
			runOnlyForDeploymentPostprocessing = 1;
		};
/* End PBXCopyFilesBuildPhase section */

/* Begin PBXFileReference section */
		EA1CCD5416786CBB00C0651D /* tree.s */ = {isa = PBXFileReference; fileEncoding = 4; lastKnownFileType = sourcecode.asm; path = tree.s; sourceTree = "<group>"; };
		EA240D921723B22C006A10BA /* spritePath.s */ = {isa = PBXFileReference; fileEncoding = 4; lastKnownFileType = sourcecode.asm; path = spritePath.s; sourceTree = "<group>"; };
		EA286E83160BE51300C4A9B2 /* drc64.prg */ = {isa = PBXFileReference; lastKnownFileType = file; path = drc64.prg; sourceTree = "<group>"; };
		EA286E85160BE57E00C4A9B2 /* example.prg */ = {isa = PBXFileReference; lastKnownFileType = file; name = example.prg; path = ../../ISOs/example.prg; sourceTree = "<group>"; };
		EA286E88160C486D00C4A9B2 /* flicker.prg */ = {isa = PBXFileReference; lastKnownFileType = file; name = flicker.prg; path = ../../ISOs/flicker.prg; sourceTree = "<group>"; };
		EA4D2A9D16927295005FF3E9 /* newyear.s */ = {isa = PBXFileReference; fileEncoding = 4; lastKnownFileType = sourcecode.asm; path = newyear.s; sourceTree = "<group>"; };
		EA4D2B9F16A605C8005FF3E9 /* koalaplay.s */ = {isa = PBXFileReference; fileEncoding = 4; lastKnownFileType = sourcecode.asm; path = koalaplay.s; sourceTree = "<group>"; };
		EA859D7D1644E83F0016FB33 /* lookForConnect4.s */ = {isa = PBXFileReference; fileEncoding = 4; lastKnownFileType = sourcecode.asm; path = lookForConnect4.s; sourceTree = "<group>"; };
		EA859D7F1644EAEA0016FB33 /* search.s */ = {isa = PBXFileReference; fileEncoding = 4; lastKnownFileType = sourcecode.asm; path = search.s; sourceTree = "<group>"; };
		EA8961AA1658B6B300C48645 /* down.s */ = {isa = PBXFileReference; fileEncoding = 4; lastKnownFileType = sourcecode.asm; path = down.s; sourceTree = "<group>"; };
		EA8961AB1658B71A00C48645 /* left.s */ = {isa = PBXFileReference; fileEncoding = 4; lastKnownFileType = sourcecode.asm; path = left.s; sourceTree = "<group>"; };
		EA8961AC1658B73C00C48645 /* right.s */ = {isa = PBXFileReference; fileEncoding = 4; lastKnownFileType = sourcecode.asm; path = right.s; sourceTree = "<group>"; };
		EA8961AD1658B9AB00C48645 /* moveUtils.s */ = {isa = PBXFileReference; fileEncoding = 4; lastKnownFileType = sourcecode.asm; path = moveUtils.s; sourceTree = "<group>"; };
		EA8961AF1658BAEF00C48645 /* newColor.s */ = {isa = PBXFileReference; fileEncoding = 4; lastKnownFileType = sourcecode.asm; path = newColor.s; sourceTree = "<group>"; };
		EA8961B01658BB1700C48645 /* colorUtils.s */ = {isa = PBXFileReference; fileEncoding = 4; lastKnownFileType = sourcecode.asm; path = colorUtils.s; sourceTree = "<group>"; };
		EA8961B11658BC6100C48645 /* rotate.s */ = {isa = PBXFileReference; fileEncoding = 4; lastKnownFileType = sourcecode.asm; path = rotate.s; sourceTree = "<group>"; };
		EA8B35BC1639598400C1059B /* testScenarios.s */ = {isa = PBXFileReference; fileEncoding = 4; lastKnownFileType = sourcecode.asm; path = testScenarios.s; sourceTree = "<group>"; };
		EA8B35EB163A971000C1059B /* input.s */ = {isa = PBXFileReference; fileEncoding = 4; lastKnownFileType = sourcecode.asm; path = input.s; sourceTree = "<group>"; };
		EA8D86DC162696C40003415E /* subroutines.s */ = {isa = PBXFileReference; lastKnownFileType = sourcecode.asm; path = subroutines.s; sourceTree = "<group>"; };
		EA8D871C163177730003415E /* customchars.s */ = {isa = PBXFileReference; fileEncoding = 4; lastKnownFileType = sourcecode.asm; path = customchars.s; sourceTree = "<group>"; };
		EA8D873E1634AFCD0003415E /* interrupt.s */ = {isa = PBXFileReference; fileEncoding = 4; lastKnownFileType = sourcecode.asm; path = interrupt.s; sourceTree = "<group>"; };
		EA8D873F1634E60D0003415E /* refreshCounter.s */ = {isa = PBXFileReference; fileEncoding = 4; lastKnownFileType = sourcecode.asm; path = refreshCounter.s; sourceTree = "<group>"; };
		EA8D87431635D1AE0003415E /* arkanoid.prg */ = {isa = PBXFileReference; lastKnownFileType = file; name = arkanoid.prg; path = "../../Downloads/Arkanoid.Imagine+3.TCS/arkanoid.prg"; sourceTree = "<group>"; };
		EA8DD136163D3ED400D3D0E5 /* drops.s */ = {isa = PBXFileReference; fileEncoding = 4; lastKnownFileType = sourcecode.asm; path = drops.s; sourceTree = "<group>"; };
		EA8DD138163EA5C000D3D0E5 /* virusLevels.s */ = {isa = PBXFileReference; fileEncoding = 4; lastKnownFileType = sourcecode.asm; path = virusLevels.s; sourceTree = "<group>"; };
		EA8DD13916412F0300D3D0E5 /* lvlSelect.s */ = {isa = PBXFileReference; fileEncoding = 4; lastKnownFileType = sourcecode.asm; path = lvlSelect.s; sourceTree = "<group>"; };
		EA92E7A1166329FA00DBF1B8 /* scroller.s */ = {isa = PBXFileReference; fileEncoding = 4; lastKnownFileType = sourcecode.asm; path = scroller.s; sourceTree = "<group>"; };
		EA933B07165AF90E000B3E34 /* highres.s */ = {isa = PBXFileReference; fileEncoding = 4; lastKnownFileType = sourcecode.asm; path = highres.s; sourceTree = "<group>"; };
		EA96DB901666FD7000BC97D7 /* bitmapReader */ = {isa = PBXFileReference; explicitFileType = "compiled.mach-o.executable"; includeInIndex = 0; path = bitmapReader; sourceTree = BUILT_PRODUCTS_DIR; };
		EA96DB941666FD7000BC97D7 /* main.cpp */ = {isa = PBXFileReference; lastKnownFileType = sourcecode.cpp.cpp; path = main.cpp; sourceTree = "<group>"; };
		EAA0A438172DDD7200C60DF3 /* bin2hex */ = {isa = PBXFileReference; explicitFileType = "compiled.mach-o.executable"; includeInIndex = 0; path = bin2hex; sourceTree = BUILT_PRODUCTS_DIR; };
		EAA0A43A172DDD7200C60DF3 /* main.cpp */ = {isa = PBXFileReference; lastKnownFileType = sourcecode.cpp.cpp; path = main.cpp; sourceTree = "<group>"; };
		EAA0A441172E1AB800C60DF3 /* dna4.kla */ = {isa = PBXFileReference; lastKnownFileType = file; path = dna4.kla; sourceTree = SOURCE_ROOT; };
		EAA29EAA16110FA200C87D7F /* number.s */ = {isa = PBXFileReference; fileEncoding = 4; lastKnownFileType = sourcecode.asm; path = number.s; sourceTree = "<group>"; };
		EAA2A0A11620115800C87D7F /* joytest.s */ = {isa = PBXFileReference; lastKnownFileType = sourcecode.asm; path = joytest.s; sourceTree = "<group>"; };
		EAAC7FDC170F834B004B023E /* pill_h.raw */ = {isa = PBXFileReference; lastKnownFileType = file; path = pill_h.raw; sourceTree = "<group>"; };
		EAAC7FDD170F834B004B023E /* pill_v.raw */ = {isa = PBXFileReference; lastKnownFileType = file; path = pill_v.raw; sourceTree = "<group>"; };
		EAAC7FDE170F834B004B023E /* pillHalf.raw */ = {isa = PBXFileReference; lastKnownFileType = file; path = pillHalf.raw; sourceTree = "<group>"; };
		EAAC7FEB17124026004B023E /* pillHalf2.raw */ = {isa = PBXFileReference; lastKnownFileType = file; path = pillHalf2.raw; sourceTree = "<group>"; };
		EAAC7FEC17124026004B023E /* v1_an.raw */ = {isa = PBXFileReference; lastKnownFileType = file; path = v1_an.raw; sourceTree = "<group>"; };
		EAAC7FED171332D6004B023E /* numbers.raw */ = {isa = PBXFileReference; lastKnownFileType = file; path = numbers.raw; sourceTree = "<group>"; };
		EAAD45F3166B2204005EAC00 /* bitmapReader.h */ = {isa = PBXFileReference; lastKnownFileType = sourcecode.c.h; path = bitmapReader.h; sourceTree = "<group>"; };
		EAAD45F5166B248C005EAC00 /* bitmapReader.cpp */ = {isa = PBXFileReference; fileEncoding = 4; lastKnownFileType = sourcecode.cpp.cpp; path = bitmapReader.cpp; sourceTree = "<group>"; };
		EAAD45FA166C77A6005EAC00 /* friday.s */ = {isa = PBXFileReference; fileEncoding = 4; lastKnownFileType = sourcecode.asm; path = friday.s; sourceTree = "<group>"; };
		EAAD4600166C8562005EAC00 /* linker */ = {isa = PBXFileReference; explicitFileType = "compiled.mach-o.executable"; includeInIndex = 0; path = linker; sourceTree = BUILT_PRODUCTS_DIR; };
		EAAD4603166C8562005EAC00 /* main.cpp */ = {isa = PBXFileReference; lastKnownFileType = sourcecode.cpp.cpp; path = main.cpp; sourceTree = "<group>"; };
		EAAD46D0167494E2005EAC00 /* charAni.s */ = {isa = PBXFileReference; fileEncoding = 4; lastKnownFileType = sourcecode.asm; path = charAni.s; sourceTree = "<group>"; };
		EAAD47F51677D1C7005EAC00 /* showSprite.s */ = {isa = PBXFileReference; fileEncoding = 4; lastKnownFileType = sourcecode.asm; path = showSprite.s; sourceTree = "<group>"; };
		EAB47DD0155219BF00516343 /* baseGame.s */ = {isa = PBXFileReference; lastKnownFileType = sourcecode.asm; path = baseGame.s; sourceTree = "<group>"; };
		EABC8DE215CA2145006F2067 /* Makefile */ = {isa = PBXFileReference; lastKnownFileType = sourcecode.make; path = Makefile; sourceTree = "<group>"; };
		EABF2B1F1732E3F200813708 /* quiet.prg */ = {isa = PBXFileReference; lastKnownFileType = file; name = quiet.prg; path = ../../quiet.prg; sourceTree = "<group>"; };
		EABF2B2117344ED700813708 /* gameborder.raw */ = {isa = PBXFileReference; lastKnownFileType = file; path = gameborder.raw; sourceTree = "<group>"; };
		EABF2B221734540100813708 /* leftTopSprite.raw */ = {isa = PBXFileReference; lastKnownFileType = file; path = leftTopSprite.raw; sourceTree = "<group>"; };
		EABF2B23173455CB00813708 /* layout_sprites.s */ = {isa = PBXFileReference; fileEncoding = 4; lastKnownFileType = sourcecode.asm; path = layout_sprites.s; sourceTree = "<group>"; };
		EAD8212F163BCAD3007DFD49 /* drawBox.s */ = {isa = PBXFileReference; fileEncoding = 4; lastKnownFileType = sourcecode.asm; path = drawBox.s; sourceTree = "<group>"; };
		EAD82131163CB59F007DFD49 /* layout.s */ = {isa = PBXFileReference; fileEncoding = 4; lastKnownFileType = sourcecode.asm; path = layout.s; sourceTree = "<group>"; };
		EAE21A1115A3BB9600DCE4B2 /* Notes.s */ = {isa = PBXFileReference; fileEncoding = 4; lastKnownFileType = sourcecode.asm; path = Notes.s; sourceTree = "<group>"; };
		EAE21A9715ABC95A00DCE4B2 /* SimpleAddition.s */ = {isa = PBXFileReference; fileEncoding = 4; lastKnownFileType = sourcecode.asm; path = SimpleAddition.s; sourceTree = "<group>"; };
/* End PBXFileReference section */

/* Begin PBXFrameworksBuildPhase section */
		EA96DB8D1666FD7000BC97D7 /* Frameworks */ = {
			isa = PBXFrameworksBuildPhase;
			buildActionMask = 2147483647;
			files = (
			);
			runOnlyForDeploymentPostprocessing = 0;
		};
		EAA0A435172DDD7200C60DF3 /* Frameworks */ = {
			isa = PBXFrameworksBuildPhase;
			buildActionMask = 2147483647;
			files = (
			);
			runOnlyForDeploymentPostprocessing = 0;
		};
		EAAD45FD166C8562005EAC00 /* Frameworks */ = {
			isa = PBXFrameworksBuildPhase;
			buildActionMask = 2147483647;
			files = (
			);
			runOnlyForDeploymentPostprocessing = 0;
		};
/* End PBXFrameworksBuildPhase section */

/* Begin PBXGroup section */
		EA859D801644EB310016FB33 /* Clearing */ = {
			isa = PBXGroup;
			children = (
				EAD82131163CB59F007DFD49 /* layout.s */,
				EABF2B23173455CB00813708 /* layout_sprites.s */,
				EA859D7F1644EAEA0016FB33 /* search.s */,
				EA859D7D1644E83F0016FB33 /* lookForConnect4.s */,
			);
			name = Clearing;
			sourceTree = "<group>";
		};
		EA8961A81658B6A700C48645 /* Movement */ = {
			isa = PBXGroup;
			children = (
				EA8961AA1658B6B300C48645 /* down.s */,
				EA8961AB1658B71A00C48645 /* left.s */,
				EA8961AC1658B73C00C48645 /* right.s */,
				EA8961AD1658B9AB00C48645 /* moveUtils.s */,
				EA8961B11658BC6100C48645 /* rotate.s */,
			);
			name = Movement;
			sourceTree = "<group>";
		};
		EA8961AE1658BA1600C48645 /* Colors */ = {
			isa = PBXGroup;
			children = (
				EA8961AF1658BAEF00C48645 /* newColor.s */,
				EA8961B01658BB1700C48645 /* colorUtils.s */,
			);
			name = Colors;
			sourceTree = "<group>";
		};
		EA8D86F6162FE6CB0003415E /* experiements */ = {
			isa = PBXGroup;
			children = (
				EA933B07165AF90E000B3E34 /* highres.s */,
				EA8D873E1634AFCD0003415E /* interrupt.s */,
				EA1CCD5416786CBB00C0651D /* tree.s */,
				EAE21A1115A3BB9600DCE4B2 /* Notes.s */,
				EAA29EAA16110FA200C87D7F /* number.s */,
				EAE21A9715ABC95A00DCE4B2 /* SimpleAddition.s */,
				EAA2A0A11620115800C87D7F /* joytest.s */,
				EA92E7A1166329FA00DBF1B8 /* scroller.s */,
				EAAD45FA166C77A6005EAC00 /* friday.s */,
				EAAD46D0167494E2005EAC00 /* charAni.s */,
				EAAD47F51677D1C7005EAC00 /* showSprite.s */,
				EA4D2A9D16927295005FF3E9 /* newyear.s */,
				EA4D2B9F16A605C8005FF3E9 /* koalaplay.s */,
				EA240D921723B22C006A10BA /* spritePath.s */,
			);
			name = experiements;
			sourceTree = "<group>";
		};
		EA96DB911666FD7000BC97D7 /* Products */ = {
			isa = PBXGroup;
			children = (
				EA96DB901666FD7000BC97D7 /* bitmapReader */,
				EAAD4600166C8562005EAC00 /* linker */,
				EAA0A438172DDD7200C60DF3 /* bin2hex */,
			);
			name = Products;
			sourceTree = "<group>";
		};
		EA96DB931666FD7000BC97D7 /* bitmapReader */ = {
			isa = PBXGroup;
			children = (
				EA96DB941666FD7000BC97D7 /* main.cpp */,
				EAAD45F5166B248C005EAC00 /* bitmapReader.cpp */,
				EAAD45F3166B2204005EAC00 /* bitmapReader.h */,
			);
			path = bitmapReader;
			sourceTree = "<group>";
		};
		EAA0A439172DDD7200C60DF3 /* bin2hex */ = {
			isa = PBXGroup;
			children = (
				EAA0A43A172DDD7200C60DF3 /* main.cpp */,
			);
			path = bin2hex;
			sourceTree = "<group>";
		};
		EAAC7FDB170F834B004B023E /* outbreak_assets */ = {
			isa = PBXGroup;
			children = (
				EABF2B221734540100813708 /* leftTopSprite.raw */,
				EABF2B1F1732E3F200813708 /* quiet.prg */,
				EAA0A441172E1AB800C60DF3 /* dna4.kla */,
				EABF2B2117344ED700813708 /* gameborder.raw */,
				EAAC7FED171332D6004B023E /* numbers.raw */,
				EAAC7FDC170F834B004B023E /* pill_h.raw */,
				EAAC7FDD170F834B004B023E /* pill_v.raw */,
				EAAC7FDE170F834B004B023E /* pillHalf.raw */,
				EAAC7FEB17124026004B023E /* pillHalf2.raw */,
				EAAC7FEC17124026004B023E /* v1_an.raw */,
			);
			path = outbreak_assets;
			sourceTree = "<group>";
		};
		EAAD4602166C8562005EAC00 /* linker */ = {
			isa = PBXGroup;
			children = (
				EAAD4603166C8562005EAC00 /* main.cpp */,
			);
			path = linker;
			sourceTree = "<group>";
		};
		EAB47DC31552197000516343 = {
			isa = PBXGroup;
			children = (
				EABC8DE215CA2145006F2067 /* Makefile */,
				EAB47DD0155219BF00516343 /* baseGame.s */,
				EA8961AE1658BA1600C48645 /* Colors */,
				EA8961A81658B6A700C48645 /* Movement */,
				EA859D801644EB310016FB33 /* Clearing */,
				EA8DD138163EA5C000D3D0E5 /* virusLevels.s */,
				EA8DD13916412F0300D3D0E5 /* lvlSelect.s */,
				EA8DD136163D3ED400D3D0E5 /* drops.s */,
				EA8B35EB163A971000C1059B /* input.s */,
				EA8B35BC1639598400C1059B /* testScenarios.s */,
				EA8D873F1634E60D0003415E /* refreshCounter.s */,
				EA8D871C163177730003415E /* customchars.s */,
				EA8D86DC162696C40003415E /* subroutines.s */,
				EAD8212F163BCAD3007DFD49 /* drawBox.s */,
				EAAC7FDB170F834B004B023E /* outbreak_assets */,
				EA8D86F6162FE6CB0003415E /* experiements */,
				EAB47DD11552219800516343 /* Target */,
				EA96DB931666FD7000BC97D7 /* bitmapReader */,
				EAAD4602166C8562005EAC00 /* linker */,
				EAA0A439172DDD7200C60DF3 /* bin2hex */,
				EA96DB911666FD7000BC97D7 /* Products */,
			);
			sourceTree = "<group>";
		};
		EAB47DD11552219800516343 /* Target */ = {
			isa = PBXGroup;
			children = (
				EA286E83160BE51300C4A9B2 /* drc64.prg */,
				EA286E85160BE57E00C4A9B2 /* example.prg */,
				EA286E88160C486D00C4A9B2 /* flicker.prg */,
				EA8D87431635D1AE0003415E /* arkanoid.prg */,
			);
			name = Target;
			sourceTree = "<group>";
		};
/* End PBXGroup section */

/* Begin PBXLegacyTarget section */
		EAB47DCA1552197000516343 /* C64First */ = {
			isa = PBXLegacyTarget;
			buildArgumentsString = "$(ACTION)";
			buildConfigurationList = EAB47DCD1552197000516343 /* Build configuration list for PBXLegacyTarget "C64First" */;
			buildPhases = (
			);
			buildToolPath = /usr/bin/make;
			dependencies = (
			);
			name = C64First;
			passBuildSettingsInEnvironment = 1;
			productName = C64First;
		};
/* End PBXLegacyTarget section */

/* Begin PBXNativeTarget section */
		EA96DB8F1666FD7000BC97D7 /* bitmapReader */ = {
			isa = PBXNativeTarget;
			buildConfigurationList = EA96DB9A1666FD7000BC97D7 /* Build configuration list for PBXNativeTarget "bitmapReader" */;
			buildPhases = (
				EA96DB8C1666FD7000BC97D7 /* Sources */,
				EA96DB8D1666FD7000BC97D7 /* Frameworks */,
				EA96DB8E1666FD7000BC97D7 /* CopyFiles */,
			);
			buildRules = (
			);
			dependencies = (
			);
			name = bitmapReader;
			productName = bitmapReader;
			productReference = EA96DB901666FD7000BC97D7 /* bitmapReader */;
			productType = "com.apple.product-type.tool";
		};
		EAA0A437172DDD7200C60DF3 /* bin2hex */ = {
			isa = PBXNativeTarget;
			buildConfigurationList = EAA0A440172DDD7200C60DF3 /* Build configuration list for PBXNativeTarget "bin2hex" */;
			buildPhases = (
				EAA0A434172DDD7200C60DF3 /* Sources */,
				EAA0A435172DDD7200C60DF3 /* Frameworks */,
				EAA0A436172DDD7200C60DF3 /* CopyFiles */,
			);
			buildRules = (
			);
			dependencies = (
			);
			name = bin2hex;
			productName = bin2hex;
			productReference = EAA0A438172DDD7200C60DF3 /* bin2hex */;
			productType = "com.apple.product-type.tool";
		};
		EAAD45FF166C8562005EAC00 /* linker */ = {
			isa = PBXNativeTarget;
			buildConfigurationList = EAAD4607166C8562005EAC00 /* Build configuration list for PBXNativeTarget "linker" */;
			buildPhases = (
				EAAD45FC166C8562005EAC00 /* Sources */,
				EAAD45FD166C8562005EAC00 /* Frameworks */,
				EAAD45FE166C8562005EAC00 /* CopyFiles */,
			);
			buildRules = (
			);
			dependencies = (
			);
			name = linker;
			productName = linker;
			productReference = EAAD4600166C8562005EAC00 /* linker */;
			productType = "com.apple.product-type.tool";
		};
/* End PBXNativeTarget section */

/* Begin PBXProject section */
		EAB47DC51552197000516343 /* Project object */ = {
			isa = PBXProject;
			attributes = {
				LastUpgradeCheck = 0460;
				ORGANIZATIONNAME = "Lightspeed Systems";
			};
			buildConfigurationList = EAB47DC81552197000516343 /* Build configuration list for PBXProject "C64First" */;
			compatibilityVersion = "Xcode 3.2";
			developmentRegion = English;
			hasScannedForEncodings = 0;
			knownRegions = (
				en,
			);
			mainGroup = EAB47DC31552197000516343;
			productRefGroup = EA96DB911666FD7000BC97D7 /* Products */;
			projectDirPath = "";
			projectRoot = "";
			targets = (
				EAB47DCA1552197000516343 /* C64First */,
				EA96DB8F1666FD7000BC97D7 /* bitmapReader */,
				EAAD45FF166C8562005EAC00 /* linker */,
				EAA0A437172DDD7200C60DF3 /* bin2hex */,
			);
		};
/* End PBXProject section */

/* Begin PBXSourcesBuildPhase section */
		EA96DB8C1666FD7000BC97D7 /* Sources */ = {
			isa = PBXSourcesBuildPhase;
			buildActionMask = 2147483647;
			files = (
				EA96DB951666FD7000BC97D7 /* main.cpp in Sources */,
				EAAD45F6166B248C005EAC00 /* bitmapReader.cpp in Sources */,
			);
			runOnlyForDeploymentPostprocessing = 0;
		};
		EAA0A434172DDD7200C60DF3 /* Sources */ = {
			isa = PBXSourcesBuildPhase;
			buildActionMask = 2147483647;
			files = (
				EAA0A43B172DDD7200C60DF3 /* main.cpp in Sources */,
			);
			runOnlyForDeploymentPostprocessing = 0;
		};
		EAAD45FC166C8562005EAC00 /* Sources */ = {
			isa = PBXSourcesBuildPhase;
			buildActionMask = 2147483647;
			files = (
				EAAD4604166C8562005EAC00 /* main.cpp in Sources */,
			);
			runOnlyForDeploymentPostprocessing = 0;
		};
/* End PBXSourcesBuildPhase section */

/* Begin XCBuildConfiguration section */
		EA96DB981666FD7000BC97D7 /* Debug */ = {
			isa = XCBuildConfiguration;
			buildSettings = {
				CLANG_CXX_LANGUAGE_STANDARD = "gnu++0x";
				CLANG_WARN__DUPLICATE_METHOD_MATCH = YES;
				PRODUCT_NAME = "$(TARGET_NAME)";
			};
			name = Debug;
		};
		EA96DB991666FD7000BC97D7 /* Release */ = {
			isa = XCBuildConfiguration;
			buildSettings = {
				CLANG_CXX_LANGUAGE_STANDARD = "gnu++0x";
				CLANG_WARN__DUPLICATE_METHOD_MATCH = YES;
				PRODUCT_NAME = "$(TARGET_NAME)";
			};
			name = Release;
		};
		EAA0A43E172DDD7200C60DF3 /* Debug */ = {
			isa = XCBuildConfiguration;
			buildSettings = {
				CLANG_CXX_LANGUAGE_STANDARD = "gnu++0x";
				CLANG_CXX_LIBRARY = "libc++";
				CLANG_WARN_CONSTANT_CONVERSION = YES;
				CLANG_WARN_EMPTY_BODY = YES;
				CLANG_WARN_ENUM_CONVERSION = YES;
				CLANG_WARN_INT_CONVERSION = YES;
				CLANG_WARN__DUPLICATE_METHOD_MATCH = YES;
				MACOSX_DEPLOYMENT_TARGET = 10.8;
				PRODUCT_NAME = "$(TARGET_NAME)";
			};
			name = Debug;
		};
		EAA0A43F172DDD7200C60DF3 /* Release */ = {
			isa = XCBuildConfiguration;
			buildSettings = {
				CLANG_CXX_LANGUAGE_STANDARD = "gnu++0x";
				CLANG_CXX_LIBRARY = "libc++";
				CLANG_WARN_CONSTANT_CONVERSION = YES;
				CLANG_WARN_EMPTY_BODY = YES;
				CLANG_WARN_ENUM_CONVERSION = YES;
				CLANG_WARN_INT_CONVERSION = YES;
				CLANG_WARN__DUPLICATE_METHOD_MATCH = YES;
				MACOSX_DEPLOYMENT_TARGET = 10.8;
				PRODUCT_NAME = "$(TARGET_NAME)";
			};
			name = Release;
		};
		EAAD4608166C8562005EAC00 /* Debug */ = {
			isa = XCBuildConfiguration;
			buildSettings = {
				CLANG_CXX_LANGUAGE_STANDARD = "gnu++0x";
				CLANG_WARN__DUPLICATE_METHOD_MATCH = YES;
				PRODUCT_NAME = "$(TARGET_NAME)";
			};
			name = Debug;
		};
		EAAD4609166C8562005EAC00 /* Release */ = {
			isa = XCBuildConfiguration;
			buildSettings = {
				CLANG_CXX_LANGUAGE_STANDARD = "gnu++0x";
				CLANG_WARN__DUPLICATE_METHOD_MATCH = YES;
				PRODUCT_NAME = "$(TARGET_NAME)";
			};
			name = Release;
		};
		EAB47DCB1552197000516343 /* Debug */ = {
			isa = XCBuildConfiguration;
			buildSettings = {
				ALWAYS_SEARCH_USER_PATHS = NO;
				ARCHS = "$(ARCHS_STANDARD_64_BIT)";
				CLANG_WARN_CONSTANT_CONVERSION = YES;
				CLANG_WARN_ENUM_CONVERSION = YES;
				CLANG_WARN_INT_CONVERSION = YES;
				CLANG_WARN__DUPLICATE_METHOD_MATCH = YES;
				COPY_PHASE_STRIP = NO;
				GCC_C_LANGUAGE_STANDARD = gnu99;
				GCC_DYNAMIC_NO_PIC = NO;
				GCC_ENABLE_OBJC_EXCEPTIONS = YES;
				GCC_OPTIMIZATION_LEVEL = 0;
				GCC_PREPROCESSOR_DEFINITIONS = (
					"DEBUG=1",
					"$(inherited)",
				);
				GCC_SYMBOLS_PRIVATE_EXTERN = NO;
				GCC_VERSION = com.apple.compilers.llvm.clang.1_0;
				GCC_WARN_64_TO_32_BIT_CONVERSION = YES;
				GCC_WARN_ABOUT_RETURN_TYPE = YES;
				GCC_WARN_UNINITIALIZED_AUTOS = YES;
				GCC_WARN_UNUSED_VARIABLE = YES;
				MACOSX_DEPLOYMENT_TARGET = 10.7;
				ONLY_ACTIVE_ARCH = YES;
				SDKROOT = macosx;
			};
			name = Debug;
		};
		EAB47DCC1552197000516343 /* Release */ = {
			isa = XCBuildConfiguration;
			buildSettings = {
				ALWAYS_SEARCH_USER_PATHS = NO;
				ARCHS = "$(ARCHS_STANDARD_64_BIT)";
				CLANG_WARN_CONSTANT_CONVERSION = YES;
				CLANG_WARN_ENUM_CONVERSION = YES;
				CLANG_WARN_INT_CONVERSION = YES;
				CLANG_WARN__DUPLICATE_METHOD_MATCH = YES;
				COPY_PHASE_STRIP = YES;
				DEBUG_INFORMATION_FORMAT = "dwarf-with-dsym";
				GCC_C_LANGUAGE_STANDARD = gnu99;
				GCC_ENABLE_OBJC_EXCEPTIONS = YES;
				GCC_VERSION = com.apple.compilers.llvm.clang.1_0;
				GCC_WARN_64_TO_32_BIT_CONVERSION = YES;
				GCC_WARN_ABOUT_RETURN_TYPE = YES;
				GCC_WARN_UNINITIALIZED_AUTOS = YES;
				GCC_WARN_UNUSED_VARIABLE = YES;
				MACOSX_DEPLOYMENT_TARGET = 10.7;
				SDKROOT = macosx;
			};
			name = Release;
		};
		EAB47DCE1552197000516343 /* Debug */ = {
			isa = XCBuildConfiguration;
			buildSettings = {
				COMBINE_HIDPI_IMAGES = YES;
				DEBUGGING_SYMBOLS = YES;
				GCC_GENERATE_DEBUGGING_SYMBOLS = YES;
				GCC_OPTIMIZATION_LEVEL = 0;
				OTHER_CFLAGS = "";
				OTHER_LDFLAGS = "";
				PRODUCT_NAME = "$(TARGET_NAME)";
			};
			name = Debug;
		};
		EAB47DCF1552197000516343 /* Release */ = {
			isa = XCBuildConfiguration;
			buildSettings = {
				COMBINE_HIDPI_IMAGES = YES;
				OTHER_CFLAGS = "";
				OTHER_LDFLAGS = "";
				PRODUCT_NAME = "$(TARGET_NAME)";
			};
			name = Release;
		};
/* End XCBuildConfiguration section */

/* Begin XCConfigurationList section */
		EA96DB9A1666FD7000BC97D7 /* Build configuration list for PBXNativeTarget "bitmapReader" */ = {
			isa = XCConfigurationList;
			buildConfigurations = (
				EA96DB981666FD7000BC97D7 /* Debug */,
				EA96DB991666FD7000BC97D7 /* Release */,
			);
			defaultConfigurationIsVisible = 0;
			defaultConfigurationName = Release;
		};
		EAA0A440172DDD7200C60DF3 /* Build configuration list for PBXNativeTarget "bin2hex" */ = {
			isa = XCConfigurationList;
			buildConfigurations = (
				EAA0A43E172DDD7200C60DF3 /* Debug */,
				EAA0A43F172DDD7200C60DF3 /* Release */,
			);
			defaultConfigurationIsVisible = 0;
			defaultConfigurationName = Release;
		};
		EAAD4607166C8562005EAC00 /* Build configuration list for PBXNativeTarget "linker" */ = {
			isa = XCConfigurationList;
			buildConfigurations = (
				EAAD4608166C8562005EAC00 /* Debug */,
				EAAD4609166C8562005EAC00 /* Release */,
			);
			defaultConfigurationIsVisible = 0;
			defaultConfigurationName = Release;
		};
		EAB47DC81552197000516343 /* Build configuration list for PBXProject "C64First" */ = {
			isa = XCConfigurationList;
			buildConfigurations = (
				EAB47DCB1552197000516343 /* Debug */,
				EAB47DCC1552197000516343 /* Release */,
			);
			defaultConfigurationIsVisible = 0;
			defaultConfigurationName = Release;
		};
		EAB47DCD1552197000516343 /* Build configuration list for PBXLegacyTarget "C64First" */ = {
			isa = XCConfigurationList;
			buildConfigurations = (
				EAB47DCE1552197000516343 /* Debug */,
				EAB47DCF1552197000516343 /* Release */,
			);
			defaultConfigurationIsVisible = 0;
			defaultConfigurationName = Release;
		};
/* End XCConfigurationList section */
	};
	rootObject = EAB47DC51552197000516343 /* Project object */;
}
