// !$*UTF8*$!
{
	archiveVersion = 1;
	classes = {
	};
	objectVersion = 46;
	objects = {

/* Begin PBXFileReference section */
		EAB47DD0155219BF00516343 /* baseGame.s */ = {isa = PBXFileReference; lastKnownFileType = sourcecode.asm; path = baseGame.s; sourceTree = "<group>"; };
		EABC8DE215CA2145006F2067 /* Makefile */ = {isa = PBXFileReference; lastKnownFileType = sourcecode.make; path = Makefile; sourceTree = "<group>"; };
		EAE21A1115A3BB9600DCE4B2 /* Notes.s */ = {isa = PBXFileReference; fileEncoding = 4; lastKnownFileType = sourcecode.asm; path = Notes.s; sourceTree = "<group>"; };
		EAE21A9715ABC95A00DCE4B2 /* SimpleAddition.s */ = {isa = PBXFileReference; fileEncoding = 4; lastKnownFileType = sourcecode.asm; path = SimpleAddition.s; sourceTree = "<group>"; };
/* End PBXFileReference section */

/* Begin PBXGroup section */
		EAB47DC31552197000516343 = {
			isa = PBXGroup;
			children = (
				EABC8DE215CA2145006F2067 /* Makefile */,
				EAB47DD0155219BF00516343 /* baseGame.s */,
				EAE21A1115A3BB9600DCE4B2 /* Notes.s */,
				EAE21A9715ABC95A00DCE4B2 /* SimpleAddition.s */,
				EAB47DD11552219800516343 /* Target */,
			);
			sourceTree = "<group>";
		};
		EAB47DD11552219800516343 /* Target */ = {
			isa = PBXGroup;
			children = (
			);
			name = Target;
			sourceTree = "<group>";
		};
/* End PBXGroup section */

/* Begin PBXLegacyTarget section */
		EAB47DCA1552197000516343 /* C64First */ = {
			isa = PBXLegacyTarget;
			buildArgumentsString = "$(ACTION)";
			buildConfigurationList = EAB47DCD1552197000516343 /* Build configuration list for PBXLegacyTarget "C64First" */;
			buildPhases = (
			);
			buildToolPath = /usr/bin/make;
			dependencies = (
			);
			name = C64First;
			passBuildSettingsInEnvironment = 1;
			productName = C64First;
		};
/* End PBXLegacyTarget section */

/* Begin PBXProject section */
		EAB47DC51552197000516343 /* Project object */ = {
			isa = PBXProject;
			attributes = {
				LastUpgradeCheck = 0430;
				ORGANIZATIONNAME = "Lightspeed Systems";
			};
			buildConfigurationList = EAB47DC81552197000516343 /* Build configuration list for PBXProject "C64First" */;
			compatibilityVersion = "Xcode 3.2";
			developmentRegion = English;
			hasScannedForEncodings = 0;
			knownRegions = (
				en,
			);
			mainGroup = EAB47DC31552197000516343;
			projectDirPath = "";
			projectRoot = "";
			targets = (
				EAB47DCA1552197000516343 /* C64First */,
			);
		};
/* End PBXProject section */

/* Begin XCBuildConfiguration section */
		EAB47DCB1552197000516343 /* Debug */ = {
			isa = XCBuildConfiguration;
			buildSettings = {
				ALWAYS_SEARCH_USER_PATHS = NO;
				ARCHS = "$(ARCHS_STANDARD_64_BIT)";
				COPY_PHASE_STRIP = NO;
				GCC_C_LANGUAGE_STANDARD = gnu99;
				GCC_DYNAMIC_NO_PIC = NO;
				GCC_ENABLE_OBJC_EXCEPTIONS = YES;
				GCC_OPTIMIZATION_LEVEL = 0;
				GCC_PREPROCESSOR_DEFINITIONS = (
					"DEBUG=1",
					"$(inherited)",
				);
				GCC_SYMBOLS_PRIVATE_EXTERN = NO;
				GCC_VERSION = com.apple.compilers.llvm.clang.1_0;
				GCC_WARN_64_TO_32_BIT_CONVERSION = YES;
				GCC_WARN_ABOUT_RETURN_TYPE = YES;
				GCC_WARN_UNINITIALIZED_AUTOS = YES;
				GCC_WARN_UNUSED_VARIABLE = YES;
				MACOSX_DEPLOYMENT_TARGET = 10.7;
				ONLY_ACTIVE_ARCH = YES;
				SDKROOT = macosx;
			};
			name = Debug;
		};
		EAB47DCC1552197000516343 /* Release */ = {
			isa = XCBuildConfiguration;
			buildSettings = {
				ALWAYS_SEARCH_USER_PATHS = NO;
				ARCHS = "$(ARCHS_STANDARD_64_BIT)";
				COPY_PHASE_STRIP = YES;
				DEBUG_INFORMATION_FORMAT = "dwarf-with-dsym";
				GCC_C_LANGUAGE_STANDARD = gnu99;
				GCC_ENABLE_OBJC_EXCEPTIONS = YES;
				GCC_VERSION = com.apple.compilers.llvm.clang.1_0;
				GCC_WARN_64_TO_32_BIT_CONVERSION = YES;
				GCC_WARN_ABOUT_RETURN_TYPE = YES;
				GCC_WARN_UNINITIALIZED_AUTOS = YES;
				GCC_WARN_UNUSED_VARIABLE = YES;
				MACOSX_DEPLOYMENT_TARGET = 10.7;
				SDKROOT = macosx;
			};
			name = Release;
		};
		EAB47DCE1552197000516343 /* Debug */ = {
			isa = XCBuildConfiguration;
			buildSettings = {
				DEBUGGING_SYMBOLS = YES;
				GCC_GENERATE_DEBUGGING_SYMBOLS = YES;
				GCC_OPTIMIZATION_LEVEL = 0;
				OTHER_CFLAGS = "";
				OTHER_LDFLAGS = "";
				PRODUCT_NAME = "$(TARGET_NAME)";
			};
			name = Debug;
		};
		EAB47DCF1552197000516343 /* Release */ = {
			isa = XCBuildConfiguration;
			buildSettings = {
				OTHER_CFLAGS = "";
				OTHER_LDFLAGS = "";
				PRODUCT_NAME = "$(TARGET_NAME)";
			};
			name = Release;
		};
/* End XCBuildConfiguration section */

/* Begin XCConfigurationList section */
		EAB47DC81552197000516343 /* Build configuration list for PBXProject "C64First" */ = {
			isa = XCConfigurationList;
			buildConfigurations = (
				EAB47DCB1552197000516343 /* Debug */,
				EAB47DCC1552197000516343 /* Release */,
			);
			defaultConfigurationIsVisible = 0;
			defaultConfigurationName = Release;
		};
		EAB47DCD1552197000516343 /* Build configuration list for PBXLegacyTarget "C64First" */ = {
			isa = XCConfigurationList;
			buildConfigurations = (
				EAB47DCE1552197000516343 /* Debug */,
				EAB47DCF1552197000516343 /* Release */,
			);
			defaultConfigurationIsVisible = 0;
			defaultConfigurationName = Release;
		};
/* End XCConfigurationList section */
	};
	rootObject = EAB47DC51552197000516343 /* Project object */;
}
